
Microsoft Visual Studio Solution File, Format Version 12.00
# Visual Studio 2013
VisualStudioVersion = 12.0.30723.0
MinimumVisualStudioVersion = 10.0.40219.1
Project("{FAE04EC0-301F-11D3-BF4B-00C04F79EFBC}") = "HW4", "Vick_HW4\HW4.csproj", "{FDD97086-1742-4E20-B643-A3E096A826CF}"
EndProject
Project("{FAE04EC0-301F-11D3-BF4B-00C04F79EFBC}") = "SpreadsheetEngine", "SpreadsheetEngine\SpreadsheetEngine.csproj", "{B4A2A51B-7F4E-4355-A3C8-15870265D082}"
EndProject
Global
	GlobalSection(SolutionConfigurationPlatforms) = preSolution
		Debug|Any CPU = Debug|Any CPU
		Release|Any CPU = Release|Any CPU
	EndGlobalSection
	GlobalSection(ProjectConfigurationPlatforms) = postSolution
		{FDD97086-1742-4E20-B643-A3E096A826CF}.Debug|Any CPU.ActiveCfg = Debug|Any CPU
		{FDD97086-1742-4E20-B643-A3E096A826CF}.Debug|Any CPU.Build.0 = Debug|Any CPU
		{FDD97086-1742-4E20-B643-A3E096A826CF}.Release|Any CPU.ActiveCfg = Release|Any CPU
		{FDD97086-1742-4E20-B643-A3E096A826CF}.Release|Any CPU.Build.0 = Release|Any CPU
		{B4A2A51B-7F4E-4355-A3C8-15870265D082}.Debug|Any CPU.ActiveCfg = Debug|Any CPU
		{B4A2A51B-7F4E-4355-A3C8-15870265D082}.Debug|Any CPU.Build.0 = Debug|Any CPU
		{B4A2A51B-7F4E-4355-A3C8-15870265D082}.Release|Any CPU.ActiveCfg = Release|Any CPU
		{B4A2A51B-7F4E-4355-A3C8-15870265D082}.Release|Any CPU.Build.0 = Release|Any CPU
	EndGlobalSection
	GlobalSection(SolutionProperties) = preSolution
		HideSolutionNode = FALSE
	EndGlobalSection
EndGlobal
